<?xml version="1.0" encoding="utf-8"?>
<Project ToolsVersion="14.0" xmlns="http://schemas.microsoft.com/developer/msbuild/2003">
  <ItemGroup>
    <Filter Include="jucea\Source">
      <UniqueIdentifier>{DDAD0735-843A-4CC6-CC9F-AEB0D11F714E}</UniqueIdentifier>
    </Filter>
    <Filter Include="jucea">
      <UniqueIdentifier>{20CEB975-D64B-38D4-6C30-6E12313ECA15}</UniqueIdentifier>
    </Filter>
    <Filter Include="Juce Modules\juce_audio_basics\audio_play_head">
      <UniqueIdentifier>{52045BA8-DF89-5074-688D-A0977F25B09C}</UniqueIdentifier>
    </Filter>
    <Filter Include="Juce Modules\juce_audio_basics\buffers">
      <UniqueIdentifier>{A33A1E1D-AC2C-6382-8681-48B0FC374C60}</UniqueIdentifier>
    </Filter>
    <Filter Include="Juce Modules\juce_audio_basics\effects">
      <UniqueIdentifier>{11A75801-B027-40BD-4993-023023ACCBF7}</UniqueIdentifier>
    </Filter>
    <Filter Include="Juce Modules\juce_audio_basics\midi">
      <UniqueIdentifier>{3FD908F5-98C8-9A61-FC03-0BAF8913CBB0}</UniqueIdentifier>
    </Filter>
    <Filter Include="Juce Modules\juce_audio_basics\mpe">
      <UniqueIdentifier>{8C868E51-156D-A916-047C-0D9EA1393675}</UniqueIdentifier>
    </Filter>
    <Filter Include="Juce Modules\juce_audio_basics\sources">
      <UniqueIdentifier>{EF2CAB40-0432-429B-C517-86ADF136BB8A}</UniqueIdentifier>
    </Filter>
    <Filter Include="Juce Modules\juce_audio_basics\synthesisers">
      <UniqueIdentifier>{8F7EC212-3168-AD81-5064-C45BA838C408}</UniqueIdentifier>
    </Filter>
    <Filter Include="Juce Modules\juce_audio_basics">
      <UniqueIdentifier>{3247ED97-A75A-F50B-8CCC-46155E895806}</UniqueIdentifier>
    </Filter>
    <Filter Include="Juce Modules\juce_audio_devices\audio_io">
      <UniqueIdentifier>{9D270B31-2425-8FDB-84A4-6A2288FF5B2F}</UniqueIdentifier>
    </Filter>
    <Filter Include="Juce Modules\juce_audio_devices\midi_io">
      <UniqueIdentifier>{0F766DD4-A277-CB86-5647-42498C8B41E1}</UniqueIdentifier>
    </Filter>
    <Filter Include="Juce Modules\juce_audio_devices\native">
      <UniqueIdentifier>{01603E05-423B-5FC3-1BEE-E15ED33B5688}</UniqueIdentifier>
    </Filter>
    <Filter Include="Juce Modules\juce_audio_devices\sources">
      <UniqueIdentifier>{D64942B4-6984-3623-3347-45D472AE1C61}</UniqueIdentifier>
    </Filter>
    <Filter Include="Juce Modules\juce_audio_devices">
      <UniqueIdentifier>{CACD7B50-4DB3-76AF-A6E8-90DF94F8F594}</UniqueIdentifier>
    </Filter>
    <Filter Include="Juce Modules\juce_audio_formats\codecs\flac\libFLAC\include\private">
      <UniqueIdentifier>{C9640E58-4493-7EEC-6F58-603AD184956E}</UniqueIdentifier>
    </Filter>
    <Filter Include="Juce Modules\juce_audio_formats\codecs\flac\libFLAC\include\protected">
      <UniqueIdentifier>{D8EE4AD1-61E3-21C2-6640-6684F4CF77DC}</UniqueIdentifier>
    </Filter>
    <Filter Include="Juce Modules\juce_audio_formats\codecs\flac\libFLAC\include">
      <UniqueIdentifier>{FEF33480-117C-23A6-D12C-7C299F26C9DB}</UniqueIdentifier>
    </Filter>
    <Filter Include="Juce Modules\juce_audio_formats\codecs\flac\libFLAC">
      <UniqueIdentifier>{9DFA63C1-4EE6-1FAB-D563-41FCF84988F2}</UniqueIdentifier>
    </Filter>
    <Filter Include="Juce Modules\juce_audio_formats\codecs\flac">
      <UniqueIdentifier>{AB8611DF-8161-A9DF-DBAD-77A87DE37331}</UniqueIdentifier>
    </Filter>
    <Filter Include="Juce Modules\juce_audio_formats\codecs\oggvorbis\libvorbis-1.3.2\lib\books\coupled">
      <UniqueIdentifier>{25C8FB00-334A-6E0F-F203-E988758B708A}</UniqueIdentifier>
    </Filter>
    <Filter Include="Juce Modules\juce_audio_formats\codecs\oggvorbis\libvorbis-1.3.2\lib\books\floor">
      <UniqueIdentifier>{94027CB9-8162-7431-2E01-B710C7CAE620}</UniqueIdentifier>
    </Filter>
    <Filter Include="Juce Modules\juce_audio_formats\codecs\oggvorbis\libvorbis-1.3.2\lib\books\uncoupled">
      <UniqueIdentifier>{450B8177-6F41-B902-761B-BF68D55102DA}</UniqueIdentifier>
    </Filter>
    <Filter Include="Juce Modules\juce_audio_formats\codecs\oggvorbis\libvorbis-1.3.2\lib\books">
      <UniqueIdentifier>{B8087E92-19F7-552F-9E85-16153D7191B0}</UniqueIdentifier>
    </Filter>
    <Filter Include="Juce Modules\juce_audio_formats\codecs\oggvorbis\libvorbis-1.3.2\lib\modes">
      <UniqueIdentifier>{B7221885-1731-611D-FDD9-EA968FA8D858}</UniqueIdentifier>
    </Filter>
    <Filter Include="Juce Modules\juce_audio_formats\codecs\oggvorbis\libvorbis-1.3.2\lib">
      <UniqueIdentifier>{DC58E9B7-2710-F45C-B718-75EACDF53F47}</UniqueIdentifier>
    </Filter>
    <Filter Include="Juce Modules\juce_audio_formats\codecs\oggvorbis\libvorbis-1.3.2">
      <UniqueIdentifier>{9971A63C-5B75-039F-95C2-7474D7DB16B0}</UniqueIdentifier>
    </Filter>
    <Filter Include="Juce Modules\juce_audio_formats\codecs\oggvorbis">
      <UniqueIdentifier>{76391436-F92A-7602-4073-E446B5FAA859}</UniqueIdentifier>
    </Filter>
    <Filter Include="Juce Modules\juce_audio_formats\codecs">
      <UniqueIdentifier>{0CD9E281-DDD0-91EC-6F77-EA9D9D5E0E1A}</UniqueIdentifier>
    </Filter>
    <Filter Include="Juce Modules\juce_audio_formats\format">
      <UniqueIdentifier>{2FE25F4C-E9DF-04A5-CAED-6E4B7CF28C59}</UniqueIdentifier>
    </Filter>
    <Filter Include="Juce Modules\juce_audio_formats\sampler">
      <UniqueIdentifier>{40C5CA7C-AEBB-05B1-11CE-AE41D87B5CCB}</UniqueIdentifier>
    </Filter>
    <Filter Include="Juce Modules\juce_audio_formats">
      <UniqueIdentifier>{65CB28F8-0422-A8F3-9A17-959E12A1F8E2}</UniqueIdentifier>
    </Filter>
    <Filter Include="Juce Modules\juce_audio_processors\format">
      <UniqueIdentifier>{20254EFE-6CBD-31A7-2119-92B1E0E0E311}</UniqueIdentifier>
    </Filter>
    <Filter Include="Juce Modules\juce_audio_processors\format_types">
      <UniqueIdentifier>{70796D73-6D30-8A1B-4732-7C021E47C05A}</UniqueIdentifier>
    </Filter>
    <Filter Include="Juce Modules\juce_audio_processors\processors">
      <UniqueIdentifier>{77E2C34E-A4D6-EDB5-A107-7CB3CEF0E8EF}</UniqueIdentifier>
    </Filter>
    <Filter Include="Juce Modules\juce_audio_processors\scanning">
      <UniqueIdentifier>{EB8DD942-E2CB-869F-D381-E02A65BA790B}</UniqueIdentifier>
    </Filter>
    <Filter Include="Juce Modules\juce_audio_processors\utilities">
      <UniqueIdentifier>{8F91DFC0-7A71-1BA8-D8D9-6B4CF49151A4}</UniqueIdentifier>
    </Filter>
    <Filter Include="Juce Modules\juce_audio_processors">
      <UniqueIdentifier>{0B0E7392-324B-088C-FBEB-5FE999D61782}</UniqueIdentifier>
    </Filter>
    <Filter Include="Juce Modules\juce_audio_utils\audio_cd">
      <UniqueIdentifier>{C396369E-8C55-88E9-5D19-5D3772B773D3}</UniqueIdentifier>
    </Filter>
    <Filter Include="Juce Modules\juce_audio_utils\gui">
      <UniqueIdentifier>{8167E753-09C7-5D1C-EF2B-32D297557443}</UniqueIdentifier>
    </Filter>
    <Filter Include="Juce Modules\juce_audio_utils\native">
      <UniqueIdentifier>{B48C883A-8483-AF6D-808C-1D9A749048D8}</UniqueIdentifier>
    </Filter>
    <Filter Include="Juce Modules\juce_audio_utils\players">
      <UniqueIdentifier>{AEDCB7F7-7A36-5392-8E9A-715F5BDE35CB}</UniqueIdentifier>
    </Filter>
    <Filter Include="Juce Modules\juce_audio_utils">
      <UniqueIdentifier>{B63F69FD-8A40-8E1E-E7ED-419B8DC1C12B}</UniqueIdentifier>
    </Filter>
    <Filter Include="Juce Modules\juce_core\containers">
      <UniqueIdentifier>{0608ADE9-66EF-1A19-6D57-12D07F76EB53}</UniqueIdentifier>
    </Filter>
    <Filter Include="Juce Modules\juce_core\files">
      <UniqueIdentifier>{C8F726FC-26BF-2E6B-4ED5-55A7FE316D7D}</UniqueIdentifier>
    </Filter>
    <Filter Include="Juce Modules\juce_core\javascript">
      <UniqueIdentifier>{1B67A7C0-86E0-53F6-6AE3-7AD93B8DC95B}</UniqueIdentifier>
    </Filter>
    <Filter Include="Juce Modules\juce_core\logging">
      <UniqueIdentifier>{C294408A-2005-2E9E-7AC0-8D3ABE8AC175}</UniqueIdentifier>
    </Filter>
    <Filter Include="Juce Modules\juce_core\maths">
      <UniqueIdentifier>{476C69CE-0B67-6B85-E888-45D91E37A29E}</UniqueIdentifier>
    </Filter>
    <Filter Include="Juce Modules\juce_core\memory">
      <UniqueIdentifier>{7C5AD030-F8CC-6E85-0AF6-196B3ED40AC6}</UniqueIdentifier>
    </Filter>
    <Filter Include="Juce Modules\juce_core\misc">
      <UniqueIdentifier>{FA891A58-9FDA-9651-43C4-714A19B5D08D}</UniqueIdentifier>
    </Filter>
    <Filter Include="Juce Modules\juce_core\native">
      <UniqueIdentifier>{C79A4D23-7866-8F3E-AC39-BD68C52A9259}</UniqueIdentifier>
    </Filter>
    <Filter Include="Juce Modules\juce_core\network">
      <UniqueIdentifier>{DA0DC4AC-B511-A2D4-199A-C93454D6F114}</UniqueIdentifier>
    </Filter>
    <Filter Include="Juce Modules\juce_core\streams">
      <UniqueIdentifier>{91929C6F-7902-B87D-5260-2F6CBF8ACD93}</UniqueIdentifier>
    </Filter>
    <Filter Include="Juce Modules\juce_core\system">
      <UniqueIdentifier>{4634FFAE-9586-A970-364C-4FDDA635F99F}</UniqueIdentifier>
    </Filter>
    <Filter Include="Juce Modules\juce_core\text">
      <UniqueIdentifier>{244D11B0-2D68-3C08-A0B7-0D12469BC3AA}</UniqueIdentifier>
    </Filter>
    <Filter Include="Juce Modules\juce_core\threads">
      <UniqueIdentifier>{05F3DB8A-499C-6ACA-282F-5BF8455A0DE1}</UniqueIdentifier>
    </Filter>
    <Filter Include="Juce Modules\juce_core\time">
      <UniqueIdentifier>{C9F6D785-BF78-5AA1-B479-111C65397864}</UniqueIdentifier>
    </Filter>
    <Filter Include="Juce Modules\juce_core\unit_tests">
      <UniqueIdentifier>{4927C7A1-9235-4AA1-93CD-B4E67E6F1E5F}</UniqueIdentifier>
    </Filter>
    <Filter Include="Juce Modules\juce_core\xml">
      <UniqueIdentifier>{F2B2F310-F30F-7166-42A9-9BF9C230DA78}</UniqueIdentifier>
    </Filter>
    <Filter Include="Juce Modules\juce_core\zip\zlib">
      <UniqueIdentifier>{585D6A72-C5E7-BCF1-A168-63A40C6B6313}</UniqueIdentifier>
    </Filter>
    <Filter Include="Juce Modules\juce_core\zip">
      <UniqueIdentifier>{F03654BC-34D8-F975-BEA3-750CC2783D23}</UniqueIdentifier>
    </Filter>
    <Filter Include="Juce Modules\juce_core">
      <UniqueIdentifier>{95CA1506-2B94-0DEE-0C8D-85EDEBBC4E88}</UniqueIdentifier>
    </Filter>
    <Filter Include="Juce Modules\juce_cryptography\encryption">
      <UniqueIdentifier>{7703D2CE-C32A-936A-0EEF-949FE6E52EB5}</UniqueIdentifier>
    </Filter>
    <Filter Include="Juce Modules\juce_cryptography\hashing">
      <UniqueIdentifier>{8D283B6C-13BA-9EF6-1B18-B1C393786943}</UniqueIdentifier>
    </Filter>
    <Filter Include="Juce Modules\juce_cryptography">
      <UniqueIdentifier>{3C7C8F35-6C08-9866-6663-6FEFE2EFC9FC}</UniqueIdentifier>
    </Filter>
    <Filter Include="Juce Modules\juce_data_structures\app_properties">
      <UniqueIdentifier>{358AEA11-3F96-36AE-7B32-71373B5C5396}</UniqueIdentifier>
    </Filter>
    <Filter Include="Juce Modules\juce_data_structures\undomanager">
      <UniqueIdentifier>{3DF036EA-3B80-553B-2494-3AAC835CAE75}</UniqueIdentifier>
    </Filter>
    <Filter Include="Juce Modules\juce_data_structures\values">
      <UniqueIdentifier>{1988E68A-A964-64CA-0E0C-26FF9BC5176C}</UniqueIdentifier>
    </Filter>
    <Filter Include="Juce Modules\juce_data_structures">
      <UniqueIdentifier>{928D8FCC-5E00-174B-6538-93E8D75AB396}</UniqueIdentifier>
    </Filter>
    <Filter Include="Juce Modules\juce_events\broadcasters">
      <UniqueIdentifier>{B098BC87-3298-7E6B-12DC-D26C09CDCAED}</UniqueIdentifier>
    </Filter>
    <Filter Include="Juce Modules\juce_events\interprocess">
      <UniqueIdentifier>{6322B88F-984A-C3CD-6263-38D7AA49B6EC}</UniqueIdentifier>
    </Filter>
    <Filter Include="Juce Modules\juce_events\messages">
      <UniqueIdentifier>{6172822C-01A5-E824-12DA-FA43FA934D35}</UniqueIdentifier>
    </Filter>
    <Filter Include="Juce Modules\juce_events\native">
      <UniqueIdentifier>{73C1E759-AD90-59A3-942E-2D10FAA29107}</UniqueIdentifier>
    </Filter>
    <Filter Include="Juce Modules\juce_events\timers">
      <UniqueIdentifier>{41DC3BE3-D629-8A17-C32B-F5B4008B5FAD}</UniqueIdentifier>
    </Filter>
    <Filter Include="Juce Modules\juce_events">
      <UniqueIdentifier>{F2A38F45-6E55-E147-2E52-64A89FDD9D59}</UniqueIdentifier>
    </Filter>
    <Filter Include="Juce Modules\juce_graphics\colour">
      <UniqueIdentifier>{4926B3FF-E797-F586-857A-69D9703FA2D1}</UniqueIdentifier>
    </Filter>
    <Filter Include="Juce Modules\juce_graphics\contexts">
      <UniqueIdentifier>{EBC65085-3AD5-280C-1A29-2B1683643AA1}</UniqueIdentifier>
    </Filter>
    <Filter Include="Juce Modules\juce_graphics\effects">
      <UniqueIdentifier>{E37D25CD-4350-4614-055B-7ABC55E67895}</UniqueIdentifier>
    </Filter>
    <Filter Include="Juce Modules\juce_graphics\fonts">
      <UniqueIdentifier>{26ECA2AF-7368-C6CC-58EF-017ECD1862D0}</UniqueIdentifier>
    </Filter>
    <Filter Include="Juce Modules\juce_graphics\geometry">
      <UniqueIdentifier>{C1A1A236-AB01-173E-96C3-0706BFF93B1E}</UniqueIdentifier>
    </Filter>
    <Filter Include="Juce Modules\juce_graphics\image_formats\jpglib">
      <UniqueIdentifier>{F27C42E6-CF39-9B72-8CD7-C29CA4ADD43B}</UniqueIdentifier>
    </Filter>
    <Filter Include="Juce Modules\juce_graphics\image_formats\pnglib">
      <UniqueIdentifier>{12D20EC8-139C-C2B1-1A66-AC436C48C0A7}</UniqueIdentifier>
    </Filter>
    <Filter Include="Juce Modules\juce_graphics\image_formats">
      <UniqueIdentifier>{69E1179D-76EC-26DC-C3E6-6602ED26D783}</UniqueIdentifier>
    </Filter>
    <Filter Include="Juce Modules\juce_graphics\images">
      <UniqueIdentifier>{413F481F-075C-2958-115C-D8268682FCB7}</UniqueIdentifier>
    </Filter>
    <Filter Include="Juce Modules\juce_graphics\native">
      <UniqueIdentifier>{FFC6E1CC-C772-75E6-5087-FB5D4E016799}</UniqueIdentifier>
    </Filter>
    <Filter Include="Juce Modules\juce_graphics\placement">
      <UniqueIdentifier>{1182303F-ECA3-166D-AC0C-92C5E762CB93}</UniqueIdentifier>
    </Filter>
    <Filter Include="Juce Modules\juce_graphics">
      <UniqueIdentifier>{EE1AE8C3-0908-8F53-A4E5-D930C7C97C26}</UniqueIdentifier>
    </Filter>
    <Filter Include="Juce Modules\juce_gui_basics\application">
      <UniqueIdentifier>{61712B09-5783-ADFA-2001-5A0C3D7764EB}</UniqueIdentifier>
    </Filter>
    <Filter Include="Juce Modules\juce_gui_basics\buttons">
      <UniqueIdentifier>{C3B2EB8A-1A2F-306F-AA78-3E9D1593788B}</UniqueIdentifier>
    </Filter>
    <Filter Include="Juce Modules\juce_gui_basics\commands">
      <UniqueIdentifier>{46535B56-3737-2BE8-E3A0-571BCBEB2DA4}</UniqueIdentifier>
    </Filter>
    <Filter Include="Juce Modules\juce_gui_basics\components">
      <UniqueIdentifier>{2CB59E7C-D0E4-7D27-2ACF-C7ABADEE936D}</UniqueIdentifier>
    </Filter>
    <Filter Include="Juce Modules\juce_gui_basics\drawables">
      <UniqueIdentifier>{5A0AA36E-3957-E413-14C6-31CBE15271DF}</UniqueIdentifier>
    </Filter>
    <Filter Include="Juce Modules\juce_gui_basics\filebrowser">
      <UniqueIdentifier>{5FDBD6B1-9BBD-392F-4DA5-FEA40A9370C4}</UniqueIdentifier>
    </Filter>
    <Filter Include="Juce Modules\juce_gui_basics\keyboard">
      <UniqueIdentifier>{A92719C7-70BE-57C4-CE9E-A9BC9DFEB757}</UniqueIdentifier>
    </Filter>
    <Filter Include="Juce Modules\juce_gui_basics\layout">
      <UniqueIdentifier>{E980FADB-6E3F-B93C-DE02-CE4271C9BA93}</UniqueIdentifier>
    </Filter>
    <Filter Include="Juce Modules\juce_gui_basics\lookandfeel">
      <UniqueIdentifier>{F408DCA2-D5E2-0A3A-A064-A1D045889BC1}</UniqueIdentifier>
    </Filter>
    <Filter Include="Juce Modules\juce_gui_basics\menus">
      <UniqueIdentifier>{7BCEAB87-62FD-0327-EB5D-679E54EDB9B1}</UniqueIdentifier>
    </Filter>
    <Filter Include="Juce Modules\juce_gui_basics\misc">
      <UniqueIdentifier>{C2B9505B-27B4-F650-12BD-F477D4BBCBAA}</UniqueIdentifier>
    </Filter>
    <Filter Include="Juce Modules\juce_gui_basics\mouse">
      <UniqueIdentifier>{796B7886-44A7-34CC-9B95-BF4FB2C7B6F4}</UniqueIdentifier>
    </Filter>
    <Filter Include="Juce Modules\juce_gui_basics\native">
      <UniqueIdentifier>{8A80BA78-D3A8-C0F8-7FFD-61AA028CE852}</UniqueIdentifier>
    </Filter>
    <Filter Include="Juce Modules\juce_gui_basics\positioning">
      <UniqueIdentifier>{7A53E6F1-1343-33B8-4CA8-1D7B714A0E76}</UniqueIdentifier>
    </Filter>
    <Filter Include="Juce Modules\juce_gui_basics\properties">
      <UniqueIdentifier>{D7E3D10F-3ED8-DFC5-6DB3-E4ACBF8678FB}</UniqueIdentifier>
    </Filter>
    <Filter Include="Juce Modules\juce_gui_basics\widgets">
      <UniqueIdentifier>{75F1F352-251A-75E0-D941-8431588F5C1E}</UniqueIdentifier>
    </Filter>
    <Filter Include="Juce Modules\juce_gui_basics\windows">
      <UniqueIdentifier>{DB6E3D09-66DA-12DA-BAE8-A5BFFA7A14AC}</UniqueIdentifier>
    </Filter>
    <Filter Include="Juce Modules\juce_gui_basics">
      <UniqueIdentifier>{8E43579F-C185-266D-DD67-F8B95BD80F2F}</UniqueIdentifier>
    </Filter>
    <Filter Include="Juce Modules\juce_gui_extra\code_editor">
      <UniqueIdentifier>{C60A6FCA-9462-922E-AD8D-69F10C9049AF}</UniqueIdentifier>
    </Filter>
    <Filter Include="Juce Modules\juce_gui_extra\documents">
      <UniqueIdentifier>{D56498EE-E354-1F00-5EEE-8CF7944BEAFB}</UniqueIdentifier>
    </Filter>
    <Filter Include="Juce Modules\juce_gui_extra\embedding">
      <UniqueIdentifier>{61B2920C-494D-D8CB-C0C7-5DBF3D76D164}</UniqueIdentifier>
    </Filter>
    <Filter Include="Juce Modules\juce_gui_extra\misc">
      <UniqueIdentifier>{66C9B809-8739-A217-C78D-A15D6089B8E3}</UniqueIdentifier>
    </Filter>
    <Filter Include="Juce Modules\juce_gui_extra\native">
      <UniqueIdentifier>{C413328B-5D81-89EE-F4F3-75752E700DE4}</UniqueIdentifier>
    </Filter>
    <Filter Include="Juce Modules\juce_gui_extra">
      <UniqueIdentifier>{8EC9572F-3CCA-E930-74B6-CB6139DE0E17}</UniqueIdentifier>
    </Filter>
    <Filter Include="Juce Modules\juce_opengl\geometry">
      <UniqueIdentifier>{B3141847-8F13-F67D-45B2-E3ECF6E09088}</UniqueIdentifier>
    </Filter>
    <Filter Include="Juce Modules\juce_opengl\native">
      <UniqueIdentifier>{151B49D8-6102-F802-1C07-D59931BC0574}</UniqueIdentifier>
    </Filter>
    <Filter Include="Juce Modules\juce_opengl\opengl">
      <UniqueIdentifier>{2D8D0E19-E676-83EB-38D9-F73500DD6B79}</UniqueIdentifier>
    </Filter>
    <Filter Include="Juce Modules\juce_opengl\utils">
      <UniqueIdentifier>{9E586194-C056-101C-5311-F2AF5191AC80}</UniqueIdentifier>
    </Filter>
    <Filter Include="Juce Modules\juce_opengl">
      <UniqueIdentifier>{639E16C5-DA8B-ADBA-6E24-7B596378EAB2}</UniqueIdentifier>
    </Filter>
    <Filter Include="Juce Modules\juce_video\capture">
      <UniqueIdentifier>{7F11E7D2-54C0-2A36-5F15-BEC0A5374A08}</UniqueIdentifier>
    </Filter>
    <Filter Include="Juce Modules\juce_video\native">
      <UniqueIdentifier>{EE985DEA-CD83-8132-7219-542BB1DAD560}</UniqueIdentifier>
    </Filter>
    <Filter Include="Juce Modules\juce_video\playback">
      <UniqueIdentifier>{0E43EA8A-95EE-4253-E1B7-160F38ACBB00}</UniqueIdentifier>
    </Filter>
    <Filter Include="Juce Modules\juce_video">
      <UniqueIdentifier>{72A923E2-C729-DB92-D7BF-A9D4AFAE5896}</UniqueIdentifier>
    </Filter>
    <Filter Include="Juce Modules">
      <UniqueIdentifier>{422C46B7-0467-2DB0-BF3C-16DFCAFD69AC}</UniqueIdentifier>
    </Filter>
    <Filter Include="Juce Library Code">
      <UniqueIdentifier>{8B4D1BAA-6DB4-CAEC-A0FA-271F354D5C61}</UniqueIdentifier>
    </Filter>
  </ItemGroup>
  <ItemGroup>
    <ClCompile Include="..\..\Source\Ray.cpp">
      <Filter>jucea\Source</Filter>
    </ClCompile>
    <ClCompile Include="..\..\Source\CommonFun.cpp">
      <Filter>jucea\Source</Filter>
    </ClCompile>
    <ClCompile Include="..\..\Source\TSound.cpp">
      <Filter>jucea\Source</Filter>
    </ClCompile>
    <ClCompile Include="..\..\Source\ShaderEditor.cpp">
      <Filter>jucea\Source</Filter>
    </ClCompile>
    <ClCompile Include="..\..\Source\OverLay.cpp">
      <Filter>jucea\Source</Filter>
    </ClCompile>
    <ClCompile Include="..\..\Source\Editor.cpp">
      <Filter>jucea\Source</Filter>
    </ClCompile>
    <ClCompile Include="..\..\Source\flextest.cpp">
      <Filter>jucea\Source</Filter>
    </ClCompile>
    <ClCompile Include="..\..\Source\HashStr.cpp">
      <Filter>jucea\Source</Filter>
    </ClCompile>
    <ClCompile Include="..\..\Source\NewComponent.cpp">
      <Filter>jucea\Source</Filter>
    </ClCompile>
    <ClCompile Include="..\..\Source\Sprite.cpp">
      <Filter>jucea\Source</Filter>
    </ClCompile>
    <ClCompile Include="..\..\Source\ThreeDTest.cpp">
      <Filter>jucea\Source</Filter>
    </ClCompile>
    <ClCompile Include="..\..\Source\gl.cpp">
      <Filter>jucea\Source</Filter>
    </ClCompile>
    <ClCompile Include="..\..\Source\MainComponent.cpp">
      <Filter>jucea\Source</Filter>
    </ClCompile>
    <ClCompile Include="..\..\Source\Main.cpp">
      <Filter>jucea\Source</Filter>
    </ClCompile>
    <ClCompile Include="..\..\JuceLibraryCode\include_juce_audio_basics.cpp">
      <Filter>Juce Library Code</Filter>
    </ClCompile>
    <ClCompile Include="..\..\JuceLibraryCode\include_juce_audio_devices.cpp">
      <Filter>Juce Library Code</Filter>
    </ClCompile>
    <ClCompile Include="..\..\JuceLibraryCode\include_juce_audio_formats.cpp">
      <Filter>Juce Library Code</Filter>
    </ClCompile>
    <ClCompile Include="..\..\JuceLibraryCode\include_juce_audio_processors.cpp">
      <Filter>Juce Library Code</Filter>
    </ClCompile>
    <ClCompile Include="..\..\JuceLibraryCode\include_juce_audio_utils.cpp">
      <Filter>Juce Library Code</Filter>
    </ClCompile>
    <ClCompile Include="..\..\JuceLibraryCode\include_juce_core.cpp">
      <Filter>Juce Library Code</Filter>
    </ClCompile>
    <ClCompile Include="..\..\JuceLibraryCode\include_juce_cryptography.cpp">
      <Filter>Juce Library Code</Filter>
    </ClCompile>
    <ClCompile Include="..\..\JuceLibraryCode\include_juce_data_structures.cpp">
      <Filter>Juce Library Code</Filter>
    </ClCompile>
    <ClCompile Include="..\..\JuceLibraryCode\include_juce_events.cpp">
      <Filter>Juce Library Code</Filter>
    </ClCompile>
    <ClCompile Include="..\..\JuceLibraryCode\include_juce_graphics.cpp">
      <Filter>Juce Library Code</Filter>
    </ClCompile>
    <ClCompile Include="..\..\JuceLibraryCode\include_juce_gui_basics.cpp">
      <Filter>Juce Library Code</Filter>
    </ClCompile>
    <ClCompile Include="..\..\JuceLibraryCode\include_juce_gui_extra.cpp">
      <Filter>Juce Library Code</Filter>
    </ClCompile>
    <ClCompile Include="..\..\JuceLibraryCode\include_juce_opengl.cpp">
      <Filter>Juce Library Code</Filter>
    </ClCompile>
    <ClCompile Include="..\..\JuceLibraryCode\include_juce_video.cpp">
      <Filter>Juce Library Code</Filter>
    </ClCompile>
  </ItemGroup>
  <ItemGroup>
    <ResourceCompile Include=".\resources.rc">
      <Filter>Juce Library Code</Filter>
    </ResourceCompile>
  </ItemGroup>
  <ItemGroup>
    <ClInclude Include="..\..\Source\Attributes.h">
      <Filter>jucea\Source</Filter>
    </ClInclude>
    <ClInclude Include="..\..\Source\CommonFun.h">
      <Filter>jucea\Source</Filter>
    </ClInclude>
    <ClInclude Include="..\..\Source\ComponentList.h">
      <Filter>jucea\Source</Filter>
    </ClInclude>
    <ClInclude Include="..\..\Source\Editor.h">
      <Filter>jucea\Source</Filter>
    </ClInclude>
    <ClInclude Include="..\..\Source\flextest.h">
      <Filter>jucea\Source</Filter>
    </ClInclude>
    <ClInclude Include="..\..\Source\gl.h">
      <Filter>jucea\Source</Filter>
    </ClInclude>
    <ClInclude Include="..\..\Source\HashStr.h">
      <Filter>jucea\Source</Filter>
    </ClInclude>
    <ClInclude Include="..\..\Source\NewComponent.h">
      <Filter>jucea\Source</Filter>
    </ClInclude>
    <ClInclude Include="..\..\Source\OverLay.h">
      <Filter>jucea\Source</Filter>
    </ClInclude>
    <ClInclude Include="..\..\Source\Ray.h">
      <Filter>jucea\Source</Filter>
    </ClInclude>
    <ClInclude Include="..\..\Source\ShaderEditor.h">
      <Filter>jucea\Source</Filter>
    </ClInclude>
    <ClInclude Include="..\..\Source\Sprite.h">
      <Filter>jucea\Source</Filter>
    </ClInclude>
    <ClInclude Include="..\..\Source\ThreeDTest.h">
      <Filter>jucea\Source</Filter>
    </ClInclude>
    <ClInclude Include="..\..\Source\TransparentOpenGLComponent.h">
      <Filter>jucea\Source</Filter>
    </ClInclude>
    <ClInclude Include="..\..\Source\TSound.h">
      <Filter>jucea\Source</Filter>
    </ClInclude>
  </ItemGroup>
</Project>